
Microsoft Visual Studio Solution File, Format Version 12.00
# Visual Studio Version 16
VisualStudioVersion = 16.0.30320.27
MinimumVisualStudioVersion = 10.0.40219.1
Project("{FAE04EC0-301F-11D3-BF4B-00C04F79EFBC}") = "Cursos", "Cursos\Cursos.csproj", "{563A3D42-7CE6-4586-A54D-7354BC5AD9B3}"
EndProject
Global
	GlobalSection(SolutionConfigurationPlatforms) = preSolution
		Debug|Any CPU = Debug|Any CPU
		Release|Any CPU = Release|Any CPU
	EndGlobalSection
	GlobalSection(ProjectConfigurationPlatforms) = postSolution
		{563A3D42-7CE6-4586-A54D-7354BC5AD9B3}.Debug|Any CPU.ActiveCfg = Debug|Any CPU
		{563A3D42-7CE6-4586-A54D-7354BC5AD9B3}.Debug|Any CPU.Build.0 = Debug|Any CPU
		{563A3D42-7CE6-4586-A54D-7354BC5AD9B3}.Release|Any CPU.ActiveCfg = Release|Any CPU
		{563A3D42-7CE6-4586-A54D-7354BC5AD9B3}.Release|Any CPU.Build.0 = Release|Any CPU
	EndGlobalSection
	GlobalSection(SolutionProperties) = preSolution
		HideSolutionNode = FALSE
	EndGlobalSection
	GlobalSection(ExtensibilityGlobals) = postSolution
		SolutionGuid = {D3F3BA9A-BA67-4B0A-B4D1-DE52B5773462}
	EndGlobalSection
EndGlobal
